
Microsoft Visual Studio Solution File, Format Version 12.00
# Visual Studio 15
VisualStudioVersion = 15.0.26430.4
MinimumVisualStudioVersion = 10.0.40219.1
Project("{8BC9CEB8-8B4A-11D0-8D11-00A0C91BC942}") = "pyhani_playground", "pyhani_playground.vcxproj", "{FE5ED340-D784-451A-ACBA-F49B0AFCC4AD}"
EndProject
Project("{8BC9CEB8-8B4A-11D0-8D11-00A0C91BC942}") = "glfw", "glfw\src\glfw.vcxproj", "{20F2F75A-C9B2-356F-BA08-3DDDA11C00C3}"
EndProject
Project("{8BC9CEB8-8B4A-11D0-8D11-00A0C91BC942}") = "glad", "glad\glad.vcxproj", "{08F20750-6FCD-4327-845B-0FA3B188DC06}"
EndProject
Project("{8BC9CEB8-8B4A-11D0-8D11-00A0C91BC942}") = "AntTweakBar", "anttweakbar\TweakBar\AntTweakBar.vcxproj", "{0B532EE6-203E-323B-BF19-08C710804C37}"
EndProject
Project("{8BC9CEB8-8B4A-11D0-8D11-00A0C91BC942}") = "ATBGuiRenderer", "anttweakbar\Renderer\ATBGuiRenderer.vcxproj", "{6884101F-1ED5-3C55-BB90-02B507BAF7BE}"
EndProject
Global
	GlobalSection(SolutionConfigurationPlatforms) = preSolution
		Debug|x64 = Debug|x64
		Debug|x86 = Debug|x86
		MinSizeRel|x64 = MinSizeRel|x64
		MinSizeRel|x86 = MinSizeRel|x86
		Release|x64 = Release|x64
		Release|x86 = Release|x86
		RelWithDebInfo|x64 = RelWithDebInfo|x64
		RelWithDebInfo|x86 = RelWithDebInfo|x86
	EndGlobalSection
	GlobalSection(ProjectConfigurationPlatforms) = postSolution
		{FE5ED340-D784-451A-ACBA-F49B0AFCC4AD}.Debug|x64.ActiveCfg = Debug|x64
		{FE5ED340-D784-451A-ACBA-F49B0AFCC4AD}.Debug|x64.Build.0 = Debug|x64
		{FE5ED340-D784-451A-ACBA-F49B0AFCC4AD}.Debug|x86.ActiveCfg = Debug|Win32
		{FE5ED340-D784-451A-ACBA-F49B0AFCC4AD}.Debug|x86.Build.0 = Debug|Win32
		{FE5ED340-D784-451A-ACBA-F49B0AFCC4AD}.MinSizeRel|x64.ActiveCfg = Release|x64
		{FE5ED340-D784-451A-ACBA-F49B0AFCC4AD}.MinSizeRel|x64.Build.0 = Release|x64
		{FE5ED340-D784-451A-ACBA-F49B0AFCC4AD}.MinSizeRel|x86.ActiveCfg = Release|Win32
		{FE5ED340-D784-451A-ACBA-F49B0AFCC4AD}.MinSizeRel|x86.Build.0 = Release|Win32
		{FE5ED340-D784-451A-ACBA-F49B0AFCC4AD}.Release|x64.ActiveCfg = Release|x64
		{FE5ED340-D784-451A-ACBA-F49B0AFCC4AD}.Release|x64.Build.0 = Release|x64
		{FE5ED340-D784-451A-ACBA-F49B0AFCC4AD}.Release|x86.ActiveCfg = Release|Win32
		{FE5ED340-D784-451A-ACBA-F49B0AFCC4AD}.Release|x86.Build.0 = Release|Win32
		{FE5ED340-D784-451A-ACBA-F49B0AFCC4AD}.RelWithDebInfo|x64.ActiveCfg = Release|x64
		{FE5ED340-D784-451A-ACBA-F49B0AFCC4AD}.RelWithDebInfo|x64.Build.0 = Release|x64
		{FE5ED340-D784-451A-ACBA-F49B0AFCC4AD}.RelWithDebInfo|x86.ActiveCfg = Release|Win32
		{FE5ED340-D784-451A-ACBA-F49B0AFCC4AD}.RelWithDebInfo|x86.Build.0 = Release|Win32
		{20F2F75A-C9B2-356F-BA08-3DDDA11C00C3}.Debug|x64.ActiveCfg = Debug|x64
		{20F2F75A-C9B2-356F-BA08-3DDDA11C00C3}.Debug|x64.Build.0 = Debug|x64
		{20F2F75A-C9B2-356F-BA08-3DDDA11C00C3}.Debug|x86.ActiveCfg = Debug|x64
		{20F2F75A-C9B2-356F-BA08-3DDDA11C00C3}.MinSizeRel|x64.ActiveCfg = MinSizeRel|x64
		{20F2F75A-C9B2-356F-BA08-3DDDA11C00C3}.MinSizeRel|x64.Build.0 = MinSizeRel|x64
		{20F2F75A-C9B2-356F-BA08-3DDDA11C00C3}.MinSizeRel|x86.ActiveCfg = MinSizeRel|x64
		{20F2F75A-C9B2-356F-BA08-3DDDA11C00C3}.Release|x64.ActiveCfg = Release|x64
		{20F2F75A-C9B2-356F-BA08-3DDDA11C00C3}.Release|x86.ActiveCfg = Release|x64
		{20F2F75A-C9B2-356F-BA08-3DDDA11C00C3}.RelWithDebInfo|x64.ActiveCfg = RelWithDebInfo|x64
		{20F2F75A-C9B2-356F-BA08-3DDDA11C00C3}.RelWithDebInfo|x64.Build.0 = RelWithDebInfo|x64
		{20F2F75A-C9B2-356F-BA08-3DDDA11C00C3}.RelWithDebInfo|x86.ActiveCfg = RelWithDebInfo|x64
		{08F20750-6FCD-4327-845B-0FA3B188DC06}.Debug|x64.ActiveCfg = Debug|x64
		{08F20750-6FCD-4327-845B-0FA3B188DC06}.Debug|x64.Build.0 = Debug|x64
		{08F20750-6FCD-4327-845B-0FA3B188DC06}.Debug|x86.ActiveCfg = Debug|Win32
		{08F20750-6FCD-4327-845B-0FA3B188DC06}.Debug|x86.Build.0 = Debug|Win32
		{08F20750-6FCD-4327-845B-0FA3B188DC06}.MinSizeRel|x64.ActiveCfg = Release|x64
		{08F20750-6FCD-4327-845B-0FA3B188DC06}.MinSizeRel|x64.Build.0 = Release|x64
		{08F20750-6FCD-4327-845B-0FA3B188DC06}.MinSizeRel|x86.ActiveCfg = Release|Win32
		{08F20750-6FCD-4327-845B-0FA3B188DC06}.MinSizeRel|x86.Build.0 = Release|Win32
		{08F20750-6FCD-4327-845B-0FA3B188DC06}.Release|x64.ActiveCfg = Release|x64
		{08F20750-6FCD-4327-845B-0FA3B188DC06}.Release|x86.ActiveCfg = Release|Win32
		{08F20750-6FCD-4327-845B-0FA3B188DC06}.Release|x86.Build.0 = Release|Win32
		{08F20750-6FCD-4327-845B-0FA3B188DC06}.RelWithDebInfo|x64.ActiveCfg = Release|x64
		{08F20750-6FCD-4327-845B-0FA3B188DC06}.RelWithDebInfo|x64.Build.0 = Release|x64
		{08F20750-6FCD-4327-845B-0FA3B188DC06}.RelWithDebInfo|x86.ActiveCfg = Release|Win32
		{08F20750-6FCD-4327-845B-0FA3B188DC06}.RelWithDebInfo|x86.Build.0 = Release|Win32
		{0B532EE6-203E-323B-BF19-08C710804C37}.Debug|x64.ActiveCfg = Debug|x64
		{0B532EE6-203E-323B-BF19-08C710804C37}.Debug|x64.Build.0 = Debug|x64
		{0B532EE6-203E-323B-BF19-08C710804C37}.Debug|x86.ActiveCfg = Debug|x64
		{0B532EE6-203E-323B-BF19-08C710804C37}.MinSizeRel|x64.ActiveCfg = MinSizeRel|x64
		{0B532EE6-203E-323B-BF19-08C710804C37}.MinSizeRel|x64.Build.0 = MinSizeRel|x64
		{0B532EE6-203E-323B-BF19-08C710804C37}.MinSizeRel|x86.ActiveCfg = MinSizeRel|x64
		{0B532EE6-203E-323B-BF19-08C710804C37}.Release|x64.ActiveCfg = Release|x64
		{0B532EE6-203E-323B-BF19-08C710804C37}.Release|x86.ActiveCfg = Release|x64
		{0B532EE6-203E-323B-BF19-08C710804C37}.RelWithDebInfo|x64.ActiveCfg = RelWithDebInfo|x64
		{0B532EE6-203E-323B-BF19-08C710804C37}.RelWithDebInfo|x64.Build.0 = RelWithDebInfo|x64
		{0B532EE6-203E-323B-BF19-08C710804C37}.RelWithDebInfo|x86.ActiveCfg = RelWithDebInfo|x64
		{6884101F-1ED5-3C55-BB90-02B507BAF7BE}.Debug|x64.ActiveCfg = Debug|x64
		{6884101F-1ED5-3C55-BB90-02B507BAF7BE}.Debug|x64.Build.0 = Debug|x64
		{6884101F-1ED5-3C55-BB90-02B507BAF7BE}.Debug|x86.ActiveCfg = Debug|x64
		{6884101F-1ED5-3C55-BB90-02B507BAF7BE}.MinSizeRel|x64.ActiveCfg = MinSizeRel|x64
		{6884101F-1ED5-3C55-BB90-02B507BAF7BE}.MinSizeRel|x64.Build.0 = MinSizeRel|x64
		{6884101F-1ED5-3C55-BB90-02B507BAF7BE}.MinSizeRel|x86.ActiveCfg = MinSizeRel|x64
		{6884101F-1ED5-3C55-BB90-02B507BAF7BE}.Release|x64.ActiveCfg = Release|x64
		{6884101F-1ED5-3C55-BB90-02B507BAF7BE}.Release|x86.ActiveCfg = Release|x64
		{6884101F-1ED5-3C55-BB90-02B507BAF7BE}.RelWithDebInfo|x64.ActiveCfg = RelWithDebInfo|x64
		{6884101F-1ED5-3C55-BB90-02B507BAF7BE}.RelWithDebInfo|x64.Build.0 = RelWithDebInfo|x64
		{6884101F-1ED5-3C55-BB90-02B507BAF7BE}.RelWithDebInfo|x86.ActiveCfg = RelWithDebInfo|x64
	EndGlobalSection
	GlobalSection(SolutionProperties) = preSolution
		HideSolutionNode = FALSE
	EndGlobalSection
EndGlobal
